
Microsoft Visual Studio Solution File, Format Version 12.00
# Visual Studio 15
VisualStudioVersion = 15.0.28307.852
MinimumVisualStudioVersion = 10.0.40219.1
Project("{8BC9CEB8-8B4A-11D0-8D11-00A0C91BC942}") = "spectate", "spectate\spectate.vcxproj", "{B77E721B-BCE9-4729-A037-5C5F4AE1E6F1}"
EndProject
Project("{8BC9CEB8-8B4A-11D0-8D11-00A0C91BC942}") = "async", "async\async.vcxproj", "{4A74A525-4F62-4D26-A282-9983BCD8FAAB}"
EndProject
Project("{2150E333-8FDC-42A3-9474-1A3956D46DE8}") = "test", "test", "{4B7D0F21-818C-4833-AAB0-A4D1A39C32CE}"
EndProject
Project("{2150E333-8FDC-42A3-9474-1A3956D46DE8}") = "example", "example", "{B8E73766-644F-4664-A506-B3854898819B}"
EndProject
Global
	GlobalSection(SolutionConfigurationPlatforms) = preSolution
		Debug|x64 = Debug|x64
		Debug|x86 = Debug|x86
		Release|x64 = Release|x64
		Release|x86 = Release|x86
	EndGlobalSection
	GlobalSection(ProjectConfigurationPlatforms) = postSolution
		{B77E721B-BCE9-4729-A037-5C5F4AE1E6F1}.Debug|x64.ActiveCfg = Debug|x64
		{B77E721B-BCE9-4729-A037-5C5F4AE1E6F1}.Debug|x64.Build.0 = Debug|x64
		{B77E721B-BCE9-4729-A037-5C5F4AE1E6F1}.Debug|x86.ActiveCfg = Debug|Win32
		{B77E721B-BCE9-4729-A037-5C5F4AE1E6F1}.Debug|x86.Build.0 = Debug|Win32
		{B77E721B-BCE9-4729-A037-5C5F4AE1E6F1}.Release|x64.ActiveCfg = Release|x64
		{B77E721B-BCE9-4729-A037-5C5F4AE1E6F1}.Release|x64.Build.0 = Release|x64
		{B77E721B-BCE9-4729-A037-5C5F4AE1E6F1}.Release|x86.ActiveCfg = Release|Win32
		{B77E721B-BCE9-4729-A037-5C5F4AE1E6F1}.Release|x86.Build.0 = Release|Win32
		{4A74A525-4F62-4D26-A282-9983BCD8FAAB}.Debug|x64.ActiveCfg = Debug|x64
		{4A74A525-4F62-4D26-A282-9983BCD8FAAB}.Debug|x64.Build.0 = Debug|x64
		{4A74A525-4F62-4D26-A282-9983BCD8FAAB}.Debug|x86.ActiveCfg = Debug|Win32
		{4A74A525-4F62-4D26-A282-9983BCD8FAAB}.Debug|x86.Build.0 = Debug|Win32
		{4A74A525-4F62-4D26-A282-9983BCD8FAAB}.Release|x64.ActiveCfg = Release|x64
		{4A74A525-4F62-4D26-A282-9983BCD8FAAB}.Release|x64.Build.0 = Release|x64
		{4A74A525-4F62-4D26-A282-9983BCD8FAAB}.Release|x86.ActiveCfg = Release|Win32
		{4A74A525-4F62-4D26-A282-9983BCD8FAAB}.Release|x86.Build.0 = Release|Win32
	EndGlobalSection
	GlobalSection(SolutionProperties) = preSolution
		HideSolutionNode = FALSE
	EndGlobalSection
	GlobalSection(NestedProjects) = preSolution
		{B77E721B-BCE9-4729-A037-5C5F4AE1E6F1} = {B8E73766-644F-4664-A506-B3854898819B}
		{4A74A525-4F62-4D26-A282-9983BCD8FAAB} = {4B7D0F21-818C-4833-AAB0-A4D1A39C32CE}
	EndGlobalSection
	GlobalSection(ExtensibilityGlobals) = postSolution
		SolutionGuid = {66353B46-A60E-467E-85DF-7968F8E74929}
	EndGlobalSection
EndGlobal
